
Microsoft Visual Studio Solution File, Format Version 12.00
# Visual Studio Version 17
VisualStudioVersion = 17.5.002.0
MinimumVisualStudioVersion = 10.0.40219.1
Project("{9A19103F-16F7-4668-BE54-9A1E7A4F7556}") = "IdentityApp", "IdentityApp.csproj", "{2C03D5AE-BC64-4790-A037-A19C7D23C7DF}"
EndProject
Global
	GlobalSection(SolutionConfigurationPlatforms) = preSolution
		Debug|Any CPU = Debug|Any CPU
		Release|Any CPU = Release|Any CPU
	EndGlobalSection
	GlobalSection(ProjectConfigurationPlatforms) = postSolution
		{2C03D5AE-BC64-4790-A037-A19C7D23C7DF}.Debug|Any CPU.ActiveCfg = Debug|Any CPU
		{2C03D5AE-BC64-4790-A037-A19C7D23C7DF}.Debug|Any CPU.Build.0 = Debug|Any CPU
		{2C03D5AE-BC64-4790-A037-A19C7D23C7DF}.Release|Any CPU.ActiveCfg = Release|Any CPU
		{2C03D5AE-BC64-4790-A037-A19C7D23C7DF}.Release|Any CPU.Build.0 = Release|Any CPU
	EndGlobalSection
	GlobalSection(SolutionProperties) = preSolution
		HideSolutionNode = FALSE
	EndGlobalSection
	GlobalSection(ExtensibilityGlobals) = postSolution
		SolutionGuid = {0F7CF466-F598-40C8-B201-E768F51F6A4B}
	EndGlobalSection
EndGlobal
